// !$*UTF8*$!
{
	archiveVersion = 1;
	classes = {
	};
	objectVersion = 51;
	objects = {

/* Begin PBXBuildFile section */
		040A0C3C2A3C4C6A0045F70D /* FC_Model.swift in Sources */ = {isa = PBXBuildFile; fileRef = 040A0C3B2A3C4C6A0045F70D /* FC_Model.swift */; };
		042E489E2A9DCB320043CD64 /* circularSlider.swift in Sources */ = {isa = PBXBuildFile; fileRef = 042E489D2A9DCB320043CD64 /* circularSlider.swift */; };
		045FE3642A4423C60062B94A /* Dride_Model.swift in Sources */ = {isa = PBXBuildFile; fileRef = 045FE3632A4423C60062B94A /* Dride_Model.swift */; };
		0475BE352A4AD294002DA263 /* Bill_Model.swift in Sources */ = {isa = PBXBuildFile; fileRef = 0475BE342A4AD294002DA263 /* Bill_Model.swift */; };
		04BBAEBA2A6538A600F7C15E /* NoteCode.swift in Sources */ = {isa = PBXBuildFile; fileRef = 04BBAEB92A6538A600F7C15E /* NoteCode.swift */; };
		04D707E32A3DD355007354EE /* SwiftCode.swift in Sources */ = {isa = PBXBuildFile; fileRef = 04D707E22A3DD355007354EE /* SwiftCode.swift */; };
		E934480442F05D3697F76D7B /* Pods_SwiftCodeLearn.framework in Frameworks */ = {isa = PBXBuildFile; fileRef = 82CE440CEEC70852158FA063 /* Pods_SwiftCodeLearn.framework */; };
		FA414F562505DC7A004B1199 /* Learn.swift in Sources */ = {isa = PBXBuildFile; fileRef = FA414F552505DC79004B1199 /* Learn.swift */; };
		FA6343B22502314A001908EB /* AppDelegate.swift in Sources */ = {isa = PBXBuildFile; fileRef = FA6343B12502314A001908EB /* AppDelegate.swift */; };
		FA6343B42502314A001908EB /* SceneDelegate.swift in Sources */ = {isa = PBXBuildFile; fileRef = FA6343B32502314A001908EB /* SceneDelegate.swift */; };
		FA6343B62502314A001908EB /* ViewController.swift in Sources */ = {isa = PBXBuildFile; fileRef = FA6343B52502314A001908EB /* ViewController.swift */; };
		FA6343B92502314A001908EB /* Main.storyboard in Resources */ = {isa = PBXBuildFile; fileRef = FA6343B72502314A001908EB /* Main.storyboard */; };
		FA6343BB2502314C001908EB /* Assets.xcassets in Resources */ = {isa = PBXBuildFile; fileRef = FA6343BA2502314C001908EB /* Assets.xcassets */; };
		FA6343BE2502314C001908EB /* LaunchScreen.storyboard in Resources */ = {isa = PBXBuildFile; fileRef = FA6343BC2502314C001908EB /* LaunchScreen.storyboard */; };
/* End PBXBuildFile section */

/* Begin PBXFileReference section */
		040A0C3B2A3C4C6A0045F70D /* FC_Model.swift */ = {isa = PBXFileReference; lastKnownFileType = sourcecode.swift; path = FC_Model.swift; sourceTree = "<group>"; };
		042E489D2A9DCB320043CD64 /* circularSlider.swift */ = {isa = PBXFileReference; lastKnownFileType = sourcecode.swift; path = circularSlider.swift; sourceTree = "<group>"; };
		045FE3632A4423C60062B94A /* Dride_Model.swift */ = {isa = PBXFileReference; lastKnownFileType = sourcecode.swift; path = Dride_Model.swift; sourceTree = "<group>"; };
		0475BE342A4AD294002DA263 /* Bill_Model.swift */ = {isa = PBXFileReference; fileEncoding = 4; lastKnownFileType = sourcecode.swift; path = Bill_Model.swift; sourceTree = "<group>"; };
		04BBAEB92A6538A600F7C15E /* NoteCode.swift */ = {isa = PBXFileReference; lastKnownFileType = sourcecode.swift; path = NoteCode.swift; sourceTree = "<group>"; };
		04D707E22A3DD355007354EE /* SwiftCode.swift */ = {isa = PBXFileReference; lastKnownFileType = sourcecode.swift; path = SwiftCode.swift; sourceTree = "<group>"; };
		5292AE7E0911C1112C1B1D25 /* Pods-SwiftCodeLearn.debug.xcconfig */ = {isa = PBXFileReference; includeInIndex = 1; lastKnownFileType = text.xcconfig; name = "Pods-SwiftCodeLearn.debug.xcconfig"; path = "Target Support Files/Pods-SwiftCodeLearn/Pods-SwiftCodeLearn.debug.xcconfig"; sourceTree = "<group>"; };
		82CE440CEEC70852158FA063 /* Pods_SwiftCodeLearn.framework */ = {isa = PBXFileReference; explicitFileType = wrapper.framework; includeInIndex = 0; path = Pods_SwiftCodeLearn.framework; sourceTree = BUILT_PRODUCTS_DIR; };
		B5F7CEC665B181A8FDD39FB8 /* Pods-SwiftCodeLearn.release.xcconfig */ = {isa = PBXFileReference; includeInIndex = 1; lastKnownFileType = text.xcconfig; name = "Pods-SwiftCodeLearn.release.xcconfig"; path = "Target Support Files/Pods-SwiftCodeLearn/Pods-SwiftCodeLearn.release.xcconfig"; sourceTree = "<group>"; };
		FA414F552505DC79004B1199 /* Learn.swift */ = {isa = PBXFileReference; lastKnownFileType = sourcecode.swift; path = Learn.swift; sourceTree = "<group>"; };
		FA6343AE2502314A001908EB /* SwiftCode.app */ = {isa = PBXFileReference; explicitFileType = wrapper.application; includeInIndex = 0; path = SwiftCode.app; sourceTree = BUILT_PRODUCTS_DIR; };
		FA6343B12502314A001908EB /* AppDelegate.swift */ = {isa = PBXFileReference; lastKnownFileType = sourcecode.swift; path = AppDelegate.swift; sourceTree = "<group>"; };
		FA6343B32502314A001908EB /* SceneDelegate.swift */ = {isa = PBXFileReference; lastKnownFileType = sourcecode.swift; path = SceneDelegate.swift; sourceTree = "<group>"; };
		FA6343B52502314A001908EB /* ViewController.swift */ = {isa = PBXFileReference; lastKnownFileType = sourcecode.swift; path = ViewController.swift; sourceTree = "<group>"; };
		FA6343B82502314A001908EB /* Base */ = {isa = PBXFileReference; lastKnownFileType = file.storyboard; name = Base; path = Base.lproj/Main.storyboard; sourceTree = "<group>"; };
		FA6343BA2502314C001908EB /* Assets.xcassets */ = {isa = PBXFileReference; lastKnownFileType = folder.assetcatalog; path = Assets.xcassets; sourceTree = "<group>"; };
		FA6343BD2502314C001908EB /* Base */ = {isa = PBXFileReference; lastKnownFileType = file.storyboard; name = Base; path = Base.lproj/LaunchScreen.storyboard; sourceTree = "<group>"; };
		FA6343BF2502314C001908EB /* Info.plist */ = {isa = PBXFileReference; lastKnownFileType = text.plist.xml; path = Info.plist; sourceTree = "<group>"; };
/* End PBXFileReference section */

/* Begin PBXFrameworksBuildPhase section */
		FA6343AB2502314A001908EB /* Frameworks */ = {
			isa = PBXFrameworksBuildPhase;
			buildActionMask = 2147483647;
			files = (
				E934480442F05D3697F76D7B /* Pods_SwiftCodeLearn.framework in Frameworks */,
			);
			runOnlyForDeploymentPostprocessing = 0;
		};
/* End PBXFrameworksBuildPhase section */

/* Begin PBXGroup section */
		CC943933E286B5DE73308901 /* Pods */ = {
			isa = PBXGroup;
			children = (
				5292AE7E0911C1112C1B1D25 /* Pods-SwiftCodeLearn.debug.xcconfig */,
				B5F7CEC665B181A8FDD39FB8 /* Pods-SwiftCodeLearn.release.xcconfig */,
			);
			path = Pods;
			sourceTree = "<group>";
		};
		D64772AA695EBFE84CE537FA /* Frameworks */ = {
			isa = PBXGroup;
			children = (
				82CE440CEEC70852158FA063 /* Pods_SwiftCodeLearn.framework */,
			);
			name = Frameworks;
			sourceTree = "<group>";
		};
		FA6343A52502314A001908EB = {
			isa = PBXGroup;
			children = (
				FA6343B02502314A001908EB /* SwiftCodeLearn */,
				FA6343AF2502314A001908EB /* Products */,
				CC943933E286B5DE73308901 /* Pods */,
				D64772AA695EBFE84CE537FA /* Frameworks */,
			);
			sourceTree = "<group>";
		};
		FA6343AF2502314A001908EB /* Products */ = {
			isa = PBXGroup;
			children = (
				FA6343AE2502314A001908EB /* SwiftCode.app */,
			);
			name = Products;
			sourceTree = "<group>";
		};
		FA6343B02502314A001908EB /* SwiftCodeLearn */ = {
			isa = PBXGroup;
			children = (
				FA6343B12502314A001908EB /* AppDelegate.swift */,
				FA6343B32502314A001908EB /* SceneDelegate.swift */,
				FA6343B52502314A001908EB /* ViewController.swift */,
				040A0C3B2A3C4C6A0045F70D /* FC_Model.swift */,
				045FE3632A4423C60062B94A /* Dride_Model.swift */,
				0475BE342A4AD294002DA263 /* Bill_Model.swift */,
				04D707E22A3DD355007354EE /* SwiftCode.swift */,
				FA414F552505DC79004B1199 /* Learn.swift */,
				04BBAEB92A6538A600F7C15E /* NoteCode.swift */,
				042E489D2A9DCB320043CD64 /* circularSlider.swift */,
				FA6343B72502314A001908EB /* Main.storyboard */,
				FA6343BA2502314C001908EB /* Assets.xcassets */,
				FA6343BC2502314C001908EB /* LaunchScreen.storyboard */,
				FA6343BF2502314C001908EB /* Info.plist */,
			);
			path = SwiftCodeLearn;
			sourceTree = "<group>";
		};
/* End PBXGroup section */

/* Begin PBXNativeTarget section */
		FA6343AD2502314A001908EB /* SwiftCodeLearn */ = {
			isa = PBXNativeTarget;
			buildConfigurationList = FA6343C22502314C001908EB /* Build configuration list for PBXNativeTarget "SwiftCodeLearn" */;
			buildPhases = (
				FAD4F6E016ADF95D1DE3BD05 /* [CP] Check Pods Manifest.lock */,
				FA6343AA2502314A001908EB /* Sources */,
				FA6343AB2502314A001908EB /* Frameworks */,
				FA6343AC2502314A001908EB /* Resources */,
				2172509861ABB96534B2D74C /* [CP] Embed Pods Frameworks */,
			);
			buildRules = (
			);
			dependencies = (
			);
			name = SwiftCodeLearn;
			productName = SwiftCodeLearn;
			productReference = FA6343AE2502314A001908EB /* SwiftCode.app */;
			productType = "com.apple.product-type.application";
		};
/* End PBXNativeTarget section */

/* Begin PBXProject section */
		FA6343A62502314A001908EB /* Project object */ = {
			isa = PBXProject;
			attributes = {
				LastSwiftUpdateCheck = 1130;
				LastUpgradeCheck = 1200;
				ORGANIZATIONNAME = macbook;
				TargetAttributes = {
					FA6343AD2502314A001908EB = {
						CreatedOnToolsVersion = 11.3.1;
					};
				};
			};
			buildConfigurationList = FA6343A92502314A001908EB /* Build configuration list for PBXProject "SwiftCodeLearn" */;
			compatibilityVersion = "Xcode 9.3";
			developmentRegion = en;
			hasScannedForEncodings = 0;
			knownRegions = (
				en,
				Base,
			);
			mainGroup = FA6343A52502314A001908EB;
			productRefGroup = FA6343AF2502314A001908EB /* Products */;
			projectDirPath = "";
			projectRoot = "";
			targets = (
				FA6343AD2502314A001908EB /* SwiftCodeLearn */,
			);
		};
/* End PBXProject section */

/* Begin PBXResourcesBuildPhase section */
		FA6343AC2502314A001908EB /* Resources */ = {
			isa = PBXResourcesBuildPhase;
			buildActionMask = 2147483647;
			files = (
				FA6343BE2502314C001908EB /* LaunchScreen.storyboard in Resources */,
				FA6343BB2502314C001908EB /* Assets.xcassets in Resources */,
				FA6343B92502314A001908EB /* Main.storyboard in Resources */,
			);
			runOnlyForDeploymentPostprocessing = 0;
		};
/* End PBXResourcesBuildPhase section */

/* Begin PBXShellScriptBuildPhase section */
		2172509861ABB96534B2D74C /* [CP] Embed Pods Frameworks */ = {
			isa = PBXShellScriptBuildPhase;
			buildActionMask = 2147483647;
			files = (
			);
			inputFileListPaths = (
				"${PODS_ROOT}/Target Support Files/Pods-SwiftCodeLearn/Pods-SwiftCodeLearn-frameworks-${CONFIGURATION}-input-files.xcfilelist",
			);
			name = "[CP] Embed Pods Frameworks";
			outputFileListPaths = (
				"${PODS_ROOT}/Target Support Files/Pods-SwiftCodeLearn/Pods-SwiftCodeLearn-frameworks-${CONFIGURATION}-output-files.xcfilelist",
			);
			runOnlyForDeploymentPostprocessing = 0;
			shellPath = /bin/sh;
			shellScript = "\"${PODS_ROOT}/Target Support Files/Pods-SwiftCodeLearn/Pods-SwiftCodeLearn-frameworks.sh\"\n";
			showEnvVarsInLog = 0;
		};
		FAD4F6E016ADF95D1DE3BD05 /* [CP] Check Pods Manifest.lock */ = {
			isa = PBXShellScriptBuildPhase;
			buildActionMask = 2147483647;
			files = (
			);
			inputFileListPaths = (
			);
			inputPaths = (
				"${PODS_PODFILE_DIR_PATH}/Podfile.lock",
				"${PODS_ROOT}/Manifest.lock",
			);
			name = "[CP] Check Pods Manifest.lock";
			outputFileListPaths = (
			);
			outputPaths = (
				"$(DERIVED_FILE_DIR)/Pods-SwiftCodeLearn-checkManifestLockResult.txt",
			);
			runOnlyForDeploymentPostprocessing = 0;
			shellPath = /bin/sh;
			shellScript = "diff \"${PODS_PODFILE_DIR_PATH}/Podfile.lock\" \"${PODS_ROOT}/Manifest.lock\" > /dev/null\nif [ $? != 0 ] ; then\n    # print error to STDERR\n    echo \"error: The sandbox is not in sync with the Podfile.lock. Run 'pod install' or update your CocoaPods installation.\" >&2\n    exit 1\nfi\n# This output is used by Xcode 'outputs' to avoid re-running this script phase.\necho \"SUCCESS\" > \"${SCRIPT_OUTPUT_FILE_0}\"\n";
			showEnvVarsInLog = 0;
		};
/* End PBXShellScriptBuildPhase section */

/* Begin PBXSourcesBuildPhase section */
		FA6343AA2502314A001908EB /* Sources */ = {
			isa = PBXSourcesBuildPhase;
			buildActionMask = 2147483647;
			files = (
				FA414F562505DC7A004B1199 /* Learn.swift in Sources */,
				040A0C3C2A3C4C6A0045F70D /* FC_Model.swift in Sources */,
				04BBAEBA2A6538A600F7C15E /* NoteCode.swift in Sources */,
				042E489E2A9DCB320043CD64 /* circularSlider.swift in Sources */,
				045FE3642A4423C60062B94A /* Dride_Model.swift in Sources */,
				FA6343B62502314A001908EB /* ViewController.swift in Sources */,
				FA6343B22502314A001908EB /* AppDelegate.swift in Sources */,
				04D707E32A3DD355007354EE /* SwiftCode.swift in Sources */,
				0475BE352A4AD294002DA263 /* Bill_Model.swift in Sources */,
				FA6343B42502314A001908EB /* SceneDelegate.swift in Sources */,
			);
			runOnlyForDeploymentPostprocessing = 0;
		};
/* End PBXSourcesBuildPhase section */

/* Begin PBXVariantGroup section */
		FA6343B72502314A001908EB /* Main.storyboard */ = {
			isa = PBXVariantGroup;
			children = (
				FA6343B82502314A001908EB /* Base */,
			);
			name = Main.storyboard;
			sourceTree = "<group>";
		};
		FA6343BC2502314C001908EB /* LaunchScreen.storyboard */ = {
			isa = PBXVariantGroup;
			children = (
				FA6343BD2502314C001908EB /* Base */,
			);
			name = LaunchScreen.storyboard;
			sourceTree = "<group>";
		};
/* End PBXVariantGroup section */

/* Begin XCBuildConfiguration section */
		FA6343C02502314C001908EB /* Debug */ = {
			isa = XCBuildConfiguration;
			buildSettings = {
				ALWAYS_SEARCH_USER_PATHS = NO;
				CLANG_ANALYZER_NONNULL = YES;
				CLANG_ANALYZER_NUMBER_OBJECT_CONVERSION = YES_AGGRESSIVE;
				CLANG_CXX_LANGUAGE_STANDARD = "gnu++14";
				CLANG_CXX_LIBRARY = "libc++";
				CLANG_ENABLE_MODULES = YES;
				CLANG_ENABLE_OBJC_ARC = YES;
				CLANG_ENABLE_OBJC_WEAK = YES;
				CLANG_WARN_BLOCK_CAPTURE_AUTORELEASING = YES;
				CLANG_WARN_BOOL_CONVERSION = YES;
				CLANG_WARN_COMMA = YES;
				CLANG_WARN_CONSTANT_CONVERSION = YES;
				CLANG_WARN_DEPRECATED_OBJC_IMPLEMENTATIONS = YES;
				CLANG_WARN_DIRECT_OBJC_ISA_USAGE = YES_ERROR;
				CLANG_WARN_DOCUMENTATION_COMMENTS = YES;
				CLANG_WARN_EMPTY_BODY = YES;
				CLANG_WARN_ENUM_CONVERSION = YES;
				CLANG_WARN_INFINITE_RECURSION = YES;
				CLANG_WARN_INT_CONVERSION = YES;
				CLANG_WARN_NON_LITERAL_NULL_CONVERSION = YES;
				CLANG_WARN_OBJC_IMPLICIT_RETAIN_SELF = YES;
				CLANG_WARN_OBJC_LITERAL_CONVERSION = YES;
				CLANG_WARN_OBJC_ROOT_CLASS = YES_ERROR;
				CLANG_WARN_QUOTED_INCLUDE_IN_FRAMEWORK_HEADER = YES;
				CLANG_WARN_RANGE_LOOP_ANALYSIS = YES;
				CLANG_WARN_STRICT_PROTOTYPES = YES;
				CLANG_WARN_SUSPICIOUS_MOVE = YES;
				CLANG_WARN_UNGUARDED_AVAILABILITY = YES_AGGRESSIVE;
				CLANG_WARN_UNREACHABLE_CODE = YES;
				CLANG_WARN__DUPLICATE_METHOD_MATCH = YES;
				COPY_PHASE_STRIP = NO;
				DEBUG_INFORMATION_FORMAT = dwarf;
				ENABLE_STRICT_OBJC_MSGSEND = YES;
				ENABLE_TESTABILITY = YES;
				GCC_C_LANGUAGE_STANDARD = gnu11;
				GCC_DYNAMIC_NO_PIC = NO;
				GCC_NO_COMMON_BLOCKS = YES;
				GCC_OPTIMIZATION_LEVEL = 0;
				GCC_PREPROCESSOR_DEFINITIONS = (
					"DEBUG=1",
					"$(inherited)",
				);
				GCC_WARN_64_TO_32_BIT_CONVERSION = YES;
				GCC_WARN_ABOUT_RETURN_TYPE = YES_ERROR;
				GCC_WARN_UNDECLARED_SELECTOR = YES;
				GCC_WARN_UNINITIALIZED_AUTOS = YES_AGGRESSIVE;
				GCC_WARN_UNUSED_FUNCTION = YES;
				GCC_WARN_UNUSED_VARIABLE = YES;
				IPHONEOS_DEPLOYMENT_TARGET = 13.2;
				MTL_ENABLE_DEBUG_INFO = INCLUDE_SOURCE;
				MTL_FAST_MATH = YES;
				ONLY_ACTIVE_ARCH = YES;
				SDKROOT = iphoneos;
				SWIFT_ACTIVE_COMPILATION_CONDITIONS = DEBUG;
				SWIFT_OPTIMIZATION_LEVEL = "-Onone";
			};
			name = Debug;
		};
		FA6343C12502314C001908EB /* Release */ = {
			isa = XCBuildConfiguration;
			buildSettings = {
				ALWAYS_SEARCH_USER_PATHS = NO;
				CLANG_ANALYZER_NONNULL = YES;
				CLANG_ANALYZER_NUMBER_OBJECT_CONVERSION = YES_AGGRESSIVE;
				CLANG_CXX_LANGUAGE_STANDARD = "gnu++14";
				CLANG_CXX_LIBRARY = "libc++";
				CLANG_ENABLE_MODULES = YES;
				CLANG_ENABLE_OBJC_ARC = YES;
				CLANG_ENABLE_OBJC_WEAK = YES;
				CLANG_WARN_BLOCK_CAPTURE_AUTORELEASING = YES;
				CLANG_WARN_BOOL_CONVERSION = YES;
				CLANG_WARN_COMMA = YES;
				CLANG_WARN_CONSTANT_CONVERSION = YES;
				CLANG_WARN_DEPRECATED_OBJC_IMPLEMENTATIONS = YES;
				CLANG_WARN_DIRECT_OBJC_ISA_USAGE = YES_ERROR;
				CLANG_WARN_DOCUMENTATION_COMMENTS = YES;
				CLANG_WARN_EMPTY_BODY = YES;
				CLANG_WARN_ENUM_CONVERSION = YES;
				CLANG_WARN_INFINITE_RECURSION = YES;
				CLANG_WARN_INT_CONVERSION = YES;
				CLANG_WARN_NON_LITERAL_NULL_CONVERSION = YES;
				CLANG_WARN_OBJC_IMPLICIT_RETAIN_SELF = YES;
				CLANG_WARN_OBJC_LITERAL_CONVERSION = YES;
				CLANG_WARN_OBJC_ROOT_CLASS = YES_ERROR;
				CLANG_WARN_QUOTED_INCLUDE_IN_FRAMEWORK_HEADER = YES;
				CLANG_WARN_RANGE_LOOP_ANALYSIS = YES;
				CLANG_WARN_STRICT_PROTOTYPES = YES;
				CLANG_WARN_SUSPICIOUS_MOVE = YES;
				CLANG_WARN_UNGUARDED_AVAILABILITY = YES_AGGRESSIVE;
				CLANG_WARN_UNREACHABLE_CODE = YES;
				CLANG_WARN__DUPLICATE_METHOD_MATCH = YES;
				COPY_PHASE_STRIP = NO;
				DEBUG_INFORMATION_FORMAT = "dwarf-with-dsym";
				ENABLE_NS_ASSERTIONS = NO;
				ENABLE_STRICT_OBJC_MSGSEND = YES;
				GCC_C_LANGUAGE_STANDARD = gnu11;
				GCC_NO_COMMON_BLOCKS = YES;
				GCC_WARN_64_TO_32_BIT_CONVERSION = YES;
				GCC_WARN_ABOUT_RETURN_TYPE = YES_ERROR;
				GCC_WARN_UNDECLARED_SELECTOR = YES;
				GCC_WARN_UNINITIALIZED_AUTOS = YES_AGGRESSIVE;
				GCC_WARN_UNUSED_FUNCTION = YES;
				GCC_WARN_UNUSED_VARIABLE = YES;
				IPHONEOS_DEPLOYMENT_TARGET = 13.2;
				MTL_ENABLE_DEBUG_INFO = NO;
				MTL_FAST_MATH = YES;
				SDKROOT = iphoneos;
				SWIFT_COMPILATION_MODE = wholemodule;
				SWIFT_OPTIMIZATION_LEVEL = "-O";
				VALIDATE_PRODUCT = YES;
			};
			name = Release;
		};
		FA6343C32502314C001908EB /* Debug */ = {
			isa = XCBuildConfiguration;
			baseConfigurationReference = 5292AE7E0911C1112C1B1D25 /* Pods-SwiftCodeLearn.debug.xcconfig */;
			buildSettings = {
				ASSETCATALOG_COMPILER_APPICON_NAME = AppIcon;
				CODE_SIGN_STYLE = Manual;
				DEVELOPMENT_TEAM = "";
				INFOPLIST_FILE = SwiftCodeLearn/Info.plist;
				LD_RUNPATH_SEARCH_PATHS = (
					"$(inherited)",
					"@executable_path/Frameworks",
				);
				PRODUCT_BUNDLE_IDENTIFIER = com.swift.SwiftCodeLearn;
				PRODUCT_NAME = SwiftCode;
				PROVISIONING_PROFILE_SPECIFIER = "";
				SUPPORTED_PLATFORMS = "iphoneos iphonesimulator";
				SUPPORTS_MACCATALYST = NO;
				SUPPORTS_MAC_DESIGNED_FOR_IPHONE_IPAD = NO;
				SWIFT_VERSION = 5.0;
				TARGETED_DEVICE_FAMILY = 1;
			};
			name = Debug;
		};
		FA6343C42502314C001908EB /* Release */ = {
			isa = XCBuildConfiguration;
			baseConfigurationReference = B5F7CEC665B181A8FDD39FB8 /* Pods-SwiftCodeLearn.release.xcconfig */;
			buildSettings = {
				ASSETCATALOG_COMPILER_APPICON_NAME = AppIcon;
				CODE_SIGN_STYLE = Manual;
				DEVELOPMENT_TEAM = "";
				INFOPLIST_FILE = SwiftCodeLearn/Info.plist;
				LD_RUNPATH_SEARCH_PATHS = (
					"$(inherited)",
					"@executable_path/Frameworks",
				);
				PRODUCT_BUNDLE_IDENTIFIER = com.swift.SwiftCodeLearn;
				PRODUCT_NAME = SwiftCode;
				PROVISIONING_PROFILE_SPECIFIER = "";
				SUPPORTED_PLATFORMS = "iphoneos iphonesimulator";
				SUPPORTS_MACCATALYST = NO;
				SUPPORTS_MAC_DESIGNED_FOR_IPHONE_IPAD = NO;
				SWIFT_VERSION = 5.0;
				TARGETED_DEVICE_FAMILY = 1;
			};
			name = Release;
		};
/* End XCBuildConfiguration section */

/* Begin XCConfigurationList section */
		FA6343A92502314A001908EB /* Build configuration list for PBXProject "SwiftCodeLearn" */ = {
			isa = XCConfigurationList;
			buildConfigurations = (
				FA6343C02502314C001908EB /* Debug */,
				FA6343C12502314C001908EB /* Release */,
			);
			defaultConfigurationIsVisible = 0;
			defaultConfigurationName = Release;
		};
		FA6343C22502314C001908EB /* Build configuration list for PBXNativeTarget "SwiftCodeLearn" */ = {
			isa = XCConfigurationList;
			buildConfigurations = (
				FA6343C32502314C001908EB /* Debug */,
				FA6343C42502314C001908EB /* Release */,
			);
			defaultConfigurationIsVisible = 0;
			defaultConfigurationName = Release;
		};
/* End XCConfigurationList section */
	};
	rootObject = FA6343A62502314A001908EB /* Project object */;
}
